
Microsoft Visual Studio Solution File, Format Version 12.00
# Visual Studio Version 16
VisualStudioVersion = 16.0.32228.343
MinimumVisualStudioVersion = 10.0.40219.1
Project("{D2ABAB84-BF74-430A-B69E-9DC6D40DDA17}") = "CUBO", "CUBO\CUBO.dwproj", "{DC6A9365-A8F6-4044-9E54-30DF433E2928}"
EndProject
Global
	GlobalSection(SolutionConfigurationPlatforms) = preSolution
		Development|Default = Development|Default
	EndGlobalSection
	GlobalSection(ProjectConfigurationPlatforms) = postSolution
		{DC6A9365-A8F6-4044-9E54-30DF433E2928}.Development|Default.ActiveCfg = Development
		{DC6A9365-A8F6-4044-9E54-30DF433E2928}.Development|Default.Build.0 = Development
		{DC6A9365-A8F6-4044-9E54-30DF433E2928}.Development|Default.Deploy.0 = Development
	EndGlobalSection
	GlobalSection(SolutionProperties) = preSolution
		HideSolutionNode = FALSE
	EndGlobalSection
	GlobalSection(ExtensibilityGlobals) = postSolution
		SolutionGuid = {DB116F09-913B-4937-A4E8-CC3D0D0ED7F4}
	EndGlobalSection
EndGlobal
